
Microsoft Visual Studio Solution File, Format Version 12.00
# Visual Studio 15
VisualStudioVersion = 15.0.27703.2026
MinimumVisualStudioVersion = 10.0.40219.1
Project("{FAE04EC0-301F-11D3-BF4B-00C04F79EFBC}") = "Mediator", "Mediator\Mediator.csproj", "{18555FBE-D8ED-436D-ACA0-3EC27404144A}"
EndProject
Global
	GlobalSection(SolutionConfigurationPlatforms) = preSolution
		Debug|Any CPU = Debug|Any CPU
		Release|Any CPU = Release|Any CPU
	EndGlobalSection
	GlobalSection(ProjectConfigurationPlatforms) = postSolution
		{18555FBE-D8ED-436D-ACA0-3EC27404144A}.Debug|Any CPU.ActiveCfg = Debug|Any CPU
		{18555FBE-D8ED-436D-ACA0-3EC27404144A}.Debug|Any CPU.Build.0 = Debug|Any CPU
		{18555FBE-D8ED-436D-ACA0-3EC27404144A}.Release|Any CPU.ActiveCfg = Release|Any CPU
		{18555FBE-D8ED-436D-ACA0-3EC27404144A}.Release|Any CPU.Build.0 = Release|Any CPU
	EndGlobalSection
	GlobalSection(SolutionProperties) = preSolution
		HideSolutionNode = FALSE
	EndGlobalSection
	GlobalSection(ExtensibilityGlobals) = postSolution
		SolutionGuid = {C1E41F38-49AA-4C0C-9D91-1AB2B451C61C}
	EndGlobalSection
EndGlobal
