
Microsoft Visual Studio Solution File, Format Version 12.00
# Visual Studio 15
VisualStudioVersion = 15.0.27703.2026
MinimumVisualStudioVersion = 10.0.40219.1
Project("{FAE04EC0-301F-11D3-BF4B-00C04F79EFBC}") = "Factory_method", "Factory_method\Factory_method.csproj", "{54BEE667-756A-47E9-B7F8-41705AD92A3E}"
EndProject
Global
	GlobalSection(SolutionConfigurationPlatforms) = preSolution
		Debug|Any CPU = Debug|Any CPU
		Release|Any CPU = Release|Any CPU
	EndGlobalSection
	GlobalSection(ProjectConfigurationPlatforms) = postSolution
		{54BEE667-756A-47E9-B7F8-41705AD92A3E}.Debug|Any CPU.ActiveCfg = Debug|Any CPU
		{54BEE667-756A-47E9-B7F8-41705AD92A3E}.Debug|Any CPU.Build.0 = Debug|Any CPU
		{54BEE667-756A-47E9-B7F8-41705AD92A3E}.Release|Any CPU.ActiveCfg = Release|Any CPU
		{54BEE667-756A-47E9-B7F8-41705AD92A3E}.Release|Any CPU.Build.0 = Release|Any CPU
	EndGlobalSection
	GlobalSection(SolutionProperties) = preSolution
		HideSolutionNode = FALSE
	EndGlobalSection
	GlobalSection(ExtensibilityGlobals) = postSolution
		SolutionGuid = {4C5E3EFF-88AA-4367-937E-D6597905A195}
	EndGlobalSection
EndGlobal
